
Microsoft Visual Studio Solution File, Format Version 12.00
# Visual Studio 2012
Project("{D954291E-2A0B-460D-934E-DC6B0785DB48}") = "Base", "Base\Base.shproj", "{D604A964-26ED-4541-924F-9031B8737349}"
EndProject
Project("{FAE04EC0-301F-11D3-BF4B-00C04F79EFBC}") = "Terminal", "Terminal\Terminal.csproj", "{6F57A257-7529-4C15-8C74-EC97DB23B607}"
EndProject
Project("{FAE04EC0-301F-11D3-BF4B-00C04F79EFBC}") = "iOS", "iOS\iOS.csproj", "{957FCEB9-CDC5-4EDC-A992-5C16E1D9D92A}"
EndProject
Global
	GlobalSection(SolutionConfigurationPlatforms) = preSolution
		Debug|iPhoneSimulator = Debug|iPhoneSimulator
		Release|iPhone = Release|iPhone
		Release|iPhoneSimulator = Release|iPhoneSimulator
		Debug|iPhone = Debug|iPhone
	EndGlobalSection
	GlobalSection(ProjectConfigurationPlatforms) = postSolution
		{6F57A257-7529-4C15-8C74-EC97DB23B607}.Debug|iPhone.ActiveCfg = Debug|iPhoneSimulator
		{6F57A257-7529-4C15-8C74-EC97DB23B607}.Debug|iPhone.Build.0 = Debug|iPhoneSimulator
		{6F57A257-7529-4C15-8C74-EC97DB23B607}.Debug|iPhoneSimulator.ActiveCfg = Debug|iPhoneSimulator
		{6F57A257-7529-4C15-8C74-EC97DB23B607}.Debug|iPhoneSimulator.Build.0 = Debug|iPhoneSimulator
		{6F57A257-7529-4C15-8C74-EC97DB23B607}.Release|iPhone.ActiveCfg = Release|iPhoneSimulator
		{6F57A257-7529-4C15-8C74-EC97DB23B607}.Release|iPhone.Build.0 = Release|iPhoneSimulator
		{6F57A257-7529-4C15-8C74-EC97DB23B607}.Release|iPhoneSimulator.ActiveCfg = Release|iPhoneSimulator
		{6F57A257-7529-4C15-8C74-EC97DB23B607}.Release|iPhoneSimulator.Build.0 = Release|iPhoneSimulator
		{957FCEB9-CDC5-4EDC-A992-5C16E1D9D92A}.Debug|iPhone.ActiveCfg = Debug|iPhone
		{957FCEB9-CDC5-4EDC-A992-5C16E1D9D92A}.Debug|iPhone.Build.0 = Debug|iPhone
		{957FCEB9-CDC5-4EDC-A992-5C16E1D9D92A}.Debug|iPhoneSimulator.ActiveCfg = Debug|iPhoneSimulator
		{957FCEB9-CDC5-4EDC-A992-5C16E1D9D92A}.Debug|iPhoneSimulator.Build.0 = Debug|iPhoneSimulator
		{957FCEB9-CDC5-4EDC-A992-5C16E1D9D92A}.Release|iPhone.ActiveCfg = Release|iPhone
		{957FCEB9-CDC5-4EDC-A992-5C16E1D9D92A}.Release|iPhone.Build.0 = Release|iPhone
		{957FCEB9-CDC5-4EDC-A992-5C16E1D9D92A}.Release|iPhoneSimulator.ActiveCfg = Release|iPhoneSimulator
		{957FCEB9-CDC5-4EDC-A992-5C16E1D9D92A}.Release|iPhoneSimulator.Build.0 = Release|iPhoneSimulator
	EndGlobalSection
EndGlobal
